
Microsoft Visual Studio Solution File, Format Version 12.00
# Visual Studio Version 17
VisualStudioVersion = 17.1.32421.90
MinimumVisualStudioVersion = 10.0.40219.1
Project("{FAE04EC0-301F-11D3-BF4B-00C04F79EFBC}") = "LR2-M", "LR2-M\LR2-M.csproj", "{5414935B-AC28-41EB-849D-C966170704C0}"
EndProject
Global
	GlobalSection(SolutionConfigurationPlatforms) = preSolution
		Debug|Any CPU = Debug|Any CPU
		Release|Any CPU = Release|Any CPU
	EndGlobalSection
	GlobalSection(ProjectConfigurationPlatforms) = postSolution
		{5414935B-AC28-41EB-849D-C966170704C0}.Debug|Any CPU.ActiveCfg = Debug|Any CPU
		{5414935B-AC28-41EB-849D-C966170704C0}.Debug|Any CPU.Build.0 = Debug|Any CPU
		{5414935B-AC28-41EB-849D-C966170704C0}.Release|Any CPU.ActiveCfg = Release|Any CPU
		{5414935B-AC28-41EB-849D-C966170704C0}.Release|Any CPU.Build.0 = Release|Any CPU
	EndGlobalSection
	GlobalSection(SolutionProperties) = preSolution
		HideSolutionNode = FALSE
	EndGlobalSection
	GlobalSection(ExtensibilityGlobals) = postSolution
		SolutionGuid = {7001A3A2-CC2D-4B54-ADF3-EF44F4AE1F45}
	EndGlobalSection
EndGlobal
